
Microsoft Visual Studio Solution File, Format Version 12.00
# Visual Studio 14
VisualStudioVersion = 14.0.25420.1
MinimumVisualStudioVersion = 10.0.40219.1
Project("{FAE04EC0-301F-11D3-BF4B-00C04F79EFBC}") = "NewAgeLauncher", "CataLauncher\NewAgeLauncher.csproj", "{2BC38144-622B-4E9A-9A63-FFF0E93BF5B6}"
EndProject
Project("{2150E333-8FDC-42A3-9474-1A3956D46DE8}") = "Solution Items", "Solution Items", "{7ED5D0C2-6949-4D90-AF16-D9C9A583C128}"
	ProjectSection(SolutionItems) = preProject
		Globals.cs = Globals.cs
	EndProjectSection
EndProject
Project("{2150E333-8FDC-42A3-9474-1A3956D46DE8}") = "Externals", "Externals", "{5144A502-C154-4D41-8C40-69845A4CB77F}"
EndProject
Project("{FAE04EC0-301F-11D3-BF4B-00C04F79EFBC}") = "LaunguageChanger", "Externals\LanguageChanger\LaunguageChanger.csproj", "{4F39FC17-4229-44D8-A210-45B021A01095}"
EndProject
Global
	GlobalSection(SolutionConfigurationPlatforms) = preSolution
		Debug x64|Any CPU = Debug x64|Any CPU
		Debug x64|Mixed Platforms = Debug x64|Mixed Platforms
		Debug x64|x64 = Debug x64|x64
		Debug x64|x86 = Debug x64|x86
		Debug|Any CPU = Debug|Any CPU
		Debug|Mixed Platforms = Debug|Mixed Platforms
		Debug|x64 = Debug|x64
		Debug|x86 = Debug|x86
		Release x64|Any CPU = Release x64|Any CPU
		Release x64|Mixed Platforms = Release x64|Mixed Platforms
		Release x64|x64 = Release x64|x64
		Release x64|x86 = Release x64|x86
		Release|Any CPU = Release|Any CPU
		Release|Mixed Platforms = Release|Mixed Platforms
		Release|x64 = Release|x64
		Release|x86 = Release|x86
	EndGlobalSection
	GlobalSection(ProjectConfigurationPlatforms) = postSolution
		{2BC38144-622B-4E9A-9A63-FFF0E93BF5B6}.Debug x64|Any CPU.ActiveCfg = Debug x64|x86
		{2BC38144-622B-4E9A-9A63-FFF0E93BF5B6}.Debug x64|Mixed Platforms.ActiveCfg = Debug x64|x86
		{2BC38144-622B-4E9A-9A63-FFF0E93BF5B6}.Debug x64|Mixed Platforms.Build.0 = Debug x64|x86
		{2BC38144-622B-4E9A-9A63-FFF0E93BF5B6}.Debug x64|x64.ActiveCfg = Debug x64|x64
		{2BC38144-622B-4E9A-9A63-FFF0E93BF5B6}.Debug x64|x64.Build.0 = Debug x64|x64
		{2BC38144-622B-4E9A-9A63-FFF0E93BF5B6}.Debug x64|x86.ActiveCfg = Debug x64|x86
		{2BC38144-622B-4E9A-9A63-FFF0E93BF5B6}.Debug x64|x86.Build.0 = Debug x64|x86
		{2BC38144-622B-4E9A-9A63-FFF0E93BF5B6}.Debug|Any CPU.ActiveCfg = Debug|x86
		{2BC38144-622B-4E9A-9A63-FFF0E93BF5B6}.Debug|Mixed Platforms.ActiveCfg = Debug|x86
		{2BC38144-622B-4E9A-9A63-FFF0E93BF5B6}.Debug|Mixed Platforms.Build.0 = Debug|x86
		{2BC38144-622B-4E9A-9A63-FFF0E93BF5B6}.Debug|x64.ActiveCfg = Debug|x64
		{2BC38144-622B-4E9A-9A63-FFF0E93BF5B6}.Debug|x64.Build.0 = Debug|x64
		{2BC38144-622B-4E9A-9A63-FFF0E93BF5B6}.Debug|x86.ActiveCfg = Debug|x86
		{2BC38144-622B-4E9A-9A63-FFF0E93BF5B6}.Debug|x86.Build.0 = Debug|x86
		{2BC38144-622B-4E9A-9A63-FFF0E93BF5B6}.Release x64|Any CPU.ActiveCfg = Release x64|x86
		{2BC38144-622B-4E9A-9A63-FFF0E93BF5B6}.Release x64|Mixed Platforms.ActiveCfg = Release x64|x86
		{2BC38144-622B-4E9A-9A63-FFF0E93BF5B6}.Release x64|Mixed Platforms.Build.0 = Release x64|x86
		{2BC38144-622B-4E9A-9A63-FFF0E93BF5B6}.Release x64|x64.ActiveCfg = Release x64|x64
		{2BC38144-622B-4E9A-9A63-FFF0E93BF5B6}.Release x64|x64.Build.0 = Release x64|x64
		{2BC38144-622B-4E9A-9A63-FFF0E93BF5B6}.Release x64|x86.ActiveCfg = Release x64|x86
		{2BC38144-622B-4E9A-9A63-FFF0E93BF5B6}.Release x64|x86.Build.0 = Release x64|x86
		{2BC38144-622B-4E9A-9A63-FFF0E93BF5B6}.Release|Any CPU.ActiveCfg = Release|Any CPU
		{2BC38144-622B-4E9A-9A63-FFF0E93BF5B6}.Release|Any CPU.Build.0 = Release|Any CPU
		{2BC38144-622B-4E9A-9A63-FFF0E93BF5B6}.Release|Mixed Platforms.ActiveCfg = Release|Any CPU
		{2BC38144-622B-4E9A-9A63-FFF0E93BF5B6}.Release|Mixed Platforms.Build.0 = Release|Any CPU
		{2BC38144-622B-4E9A-9A63-FFF0E93BF5B6}.Release|x64.ActiveCfg = Release|x64
		{2BC38144-622B-4E9A-9A63-FFF0E93BF5B6}.Release|x64.Build.0 = Release|x64
		{2BC38144-622B-4E9A-9A63-FFF0E93BF5B6}.Release|x86.ActiveCfg = Release|x86
		{2BC38144-622B-4E9A-9A63-FFF0E93BF5B6}.Release|x86.Build.0 = Release|x86
		{4F39FC17-4229-44D8-A210-45B021A01095}.Debug x64|Any CPU.ActiveCfg = Debug|Any CPU
		{4F39FC17-4229-44D8-A210-45B021A01095}.Debug x64|Any CPU.Build.0 = Debug|Any CPU
		{4F39FC17-4229-44D8-A210-45B021A01095}.Debug x64|Mixed Platforms.ActiveCfg = Debug|Any CPU
		{4F39FC17-4229-44D8-A210-45B021A01095}.Debug x64|Mixed Platforms.Build.0 = Debug|Any CPU
		{4F39FC17-4229-44D8-A210-45B021A01095}.Debug x64|x64.ActiveCfg = Debug|Any CPU
		{4F39FC17-4229-44D8-A210-45B021A01095}.Debug x64|x64.Build.0 = Debug|Any CPU
		{4F39FC17-4229-44D8-A210-45B021A01095}.Debug x64|x86.ActiveCfg = Debug|Any CPU
		{4F39FC17-4229-44D8-A210-45B021A01095}.Debug x64|x86.Build.0 = Debug|Any CPU
		{4F39FC17-4229-44D8-A210-45B021A01095}.Debug|Any CPU.ActiveCfg = Debug|Any CPU
		{4F39FC17-4229-44D8-A210-45B021A01095}.Debug|Any CPU.Build.0 = Debug|Any CPU
		{4F39FC17-4229-44D8-A210-45B021A01095}.Debug|Mixed Platforms.ActiveCfg = Debug|Any CPU
		{4F39FC17-4229-44D8-A210-45B021A01095}.Debug|Mixed Platforms.Build.0 = Debug|Any CPU
		{4F39FC17-4229-44D8-A210-45B021A01095}.Debug|x64.ActiveCfg = Debug|Any CPU
		{4F39FC17-4229-44D8-A210-45B021A01095}.Debug|x64.Build.0 = Debug|Any CPU
		{4F39FC17-4229-44D8-A210-45B021A01095}.Debug|x86.ActiveCfg = Debug|Any CPU
		{4F39FC17-4229-44D8-A210-45B021A01095}.Debug|x86.Build.0 = Debug|Any CPU
		{4F39FC17-4229-44D8-A210-45B021A01095}.Release x64|Any CPU.ActiveCfg = Release|Any CPU
		{4F39FC17-4229-44D8-A210-45B021A01095}.Release x64|Any CPU.Build.0 = Release|Any CPU
		{4F39FC17-4229-44D8-A210-45B021A01095}.Release x64|Mixed Platforms.ActiveCfg = Release|Any CPU
		{4F39FC17-4229-44D8-A210-45B021A01095}.Release x64|Mixed Platforms.Build.0 = Release|Any CPU
		{4F39FC17-4229-44D8-A210-45B021A01095}.Release x64|x64.ActiveCfg = Release|Any CPU
		{4F39FC17-4229-44D8-A210-45B021A01095}.Release x64|x64.Build.0 = Release|Any CPU
		{4F39FC17-4229-44D8-A210-45B021A01095}.Release x64|x86.ActiveCfg = Release|Any CPU
		{4F39FC17-4229-44D8-A210-45B021A01095}.Release x64|x86.Build.0 = Release|Any CPU
		{4F39FC17-4229-44D8-A210-45B021A01095}.Release|Any CPU.ActiveCfg = Release|Any CPU
		{4F39FC17-4229-44D8-A210-45B021A01095}.Release|Any CPU.Build.0 = Release|Any CPU
		{4F39FC17-4229-44D8-A210-45B021A01095}.Release|Mixed Platforms.ActiveCfg = Release|Any CPU
		{4F39FC17-4229-44D8-A210-45B021A01095}.Release|Mixed Platforms.Build.0 = Release|Any CPU
		{4F39FC17-4229-44D8-A210-45B021A01095}.Release|x64.ActiveCfg = Release|Any CPU
		{4F39FC17-4229-44D8-A210-45B021A01095}.Release|x64.Build.0 = Release|Any CPU
		{4F39FC17-4229-44D8-A210-45B021A01095}.Release|x86.ActiveCfg = Release|Any CPU
		{4F39FC17-4229-44D8-A210-45B021A01095}.Release|x86.Build.0 = Release|Any CPU
	EndGlobalSection
	GlobalSection(SolutionProperties) = preSolution
		HideSolutionNode = FALSE
	EndGlobalSection
	GlobalSection(NestedProjects) = preSolution
		{4F39FC17-4229-44D8-A210-45B021A01095} = {5144A502-C154-4D41-8C40-69845A4CB77F}
	EndGlobalSection
EndGlobal
